
Microsoft Visual Studio Solution File, Format Version 12.00
# Visual Studio Version 17
VisualStudioVersion = 17.1.32421.90
MinimumVisualStudioVersion = 10.0.40219.1
Project("{FAE04EC0-301F-11D3-BF4B-00C04F79EFBC}") = "WebApplication23", "WebApplication23.csproj", "{7957C9D5-2422-4851-8E45-CE825882D00A}"
EndProject
Global
	GlobalSection(SolutionConfigurationPlatforms) = preSolution
		Debug|Any CPU = Debug|Any CPU
		Release|Any CPU = Release|Any CPU
	EndGlobalSection
	GlobalSection(ProjectConfigurationPlatforms) = postSolution
		{7957C9D5-2422-4851-8E45-CE825882D00A}.Debug|Any CPU.ActiveCfg = Debug|Any CPU
		{7957C9D5-2422-4851-8E45-CE825882D00A}.Debug|Any CPU.Build.0 = Debug|Any CPU
		{7957C9D5-2422-4851-8E45-CE825882D00A}.Release|Any CPU.ActiveCfg = Release|Any CPU
		{7957C9D5-2422-4851-8E45-CE825882D00A}.Release|Any CPU.Build.0 = Release|Any CPU
	EndGlobalSection
	GlobalSection(SolutionProperties) = preSolution
		HideSolutionNode = FALSE
	EndGlobalSection
	GlobalSection(ExtensibilityGlobals) = postSolution
		SolutionGuid = {8592D380-AC06-4418-80EE-AF535E24562F}
	EndGlobalSection
EndGlobal
